
Microsoft Visual Studio Solution File, Format Version 12.00
# Visual Studio 2012
Project("{FAE04EC0-301F-11D3-BF4B-00C04F79EFBC}") = "Didstopia.RealmExtensions", "Didstopia.RealmExtensions\Didstopia.RealmExtensions.csproj", "{36A54316-4E40-49D0-8593-D587B8F5415C}"
EndProject
Project("{FAE04EC0-301F-11D3-BF4B-00C04F79EFBC}") = "Didstopia.RealmExtensions.Tests", "Didstopia.RealmExtensions.Tests\Didstopia.RealmExtensions.Tests.csproj", "{4F5220E0-77C0-47C3-8F8A-3DC5C05F1893}"
EndProject
Global
	GlobalSection(SolutionConfigurationPlatforms) = preSolution
		Debug|Any CPU = Debug|Any CPU
		Release|Any CPU = Release|Any CPU
		Debug|iPhoneSimulator = Debug|iPhoneSimulator
		Release|iPhone = Release|iPhone
		Release|iPhoneSimulator = Release|iPhoneSimulator
		Debug|iPhone = Debug|iPhone
	EndGlobalSection
	GlobalSection(ProjectConfigurationPlatforms) = postSolution
		{36A54316-4E40-49D0-8593-D587B8F5415C}.Debug|Any CPU.ActiveCfg = Debug|Any CPU
		{36A54316-4E40-49D0-8593-D587B8F5415C}.Debug|Any CPU.Build.0 = Debug|Any CPU
		{36A54316-4E40-49D0-8593-D587B8F5415C}.Release|Any CPU.ActiveCfg = Release|Any CPU
		{36A54316-4E40-49D0-8593-D587B8F5415C}.Release|Any CPU.Build.0 = Release|Any CPU
		{36A54316-4E40-49D0-8593-D587B8F5415C}.Debug|iPhoneSimulator.ActiveCfg = Debug|Any CPU
		{36A54316-4E40-49D0-8593-D587B8F5415C}.Debug|iPhoneSimulator.Build.0 = Debug|Any CPU
		{36A54316-4E40-49D0-8593-D587B8F5415C}.Release|iPhone.ActiveCfg = Release|Any CPU
		{36A54316-4E40-49D0-8593-D587B8F5415C}.Release|iPhone.Build.0 = Release|Any CPU
		{36A54316-4E40-49D0-8593-D587B8F5415C}.Release|iPhoneSimulator.ActiveCfg = Release|Any CPU
		{36A54316-4E40-49D0-8593-D587B8F5415C}.Release|iPhoneSimulator.Build.0 = Release|Any CPU
		{36A54316-4E40-49D0-8593-D587B8F5415C}.Debug|iPhone.ActiveCfg = Debug|Any CPU
		{36A54316-4E40-49D0-8593-D587B8F5415C}.Debug|iPhone.Build.0 = Debug|Any CPU
		{4F5220E0-77C0-47C3-8F8A-3DC5C05F1893}.Debug|Any CPU.ActiveCfg = Debug|Any CPU
		{4F5220E0-77C0-47C3-8F8A-3DC5C05F1893}.Debug|Any CPU.Build.0 = Debug|Any CPU
		{4F5220E0-77C0-47C3-8F8A-3DC5C05F1893}.Release|Any CPU.ActiveCfg = Release|Any CPU
		{4F5220E0-77C0-47C3-8F8A-3DC5C05F1893}.Release|Any CPU.Build.0 = Release|Any CPU
		{4F5220E0-77C0-47C3-8F8A-3DC5C05F1893}.Debug|iPhoneSimulator.ActiveCfg = Debug|Any CPU
		{4F5220E0-77C0-47C3-8F8A-3DC5C05F1893}.Debug|iPhoneSimulator.Build.0 = Debug|Any CPU
		{4F5220E0-77C0-47C3-8F8A-3DC5C05F1893}.Release|iPhone.ActiveCfg = Release|Any CPU
		{4F5220E0-77C0-47C3-8F8A-3DC5C05F1893}.Release|iPhone.Build.0 = Release|Any CPU
		{4F5220E0-77C0-47C3-8F8A-3DC5C05F1893}.Release|iPhoneSimulator.ActiveCfg = Release|Any CPU
		{4F5220E0-77C0-47C3-8F8A-3DC5C05F1893}.Release|iPhoneSimulator.Build.0 = Release|Any CPU
		{4F5220E0-77C0-47C3-8F8A-3DC5C05F1893}.Debug|iPhone.ActiveCfg = Debug|Any CPU
		{4F5220E0-77C0-47C3-8F8A-3DC5C05F1893}.Debug|iPhone.Build.0 = Debug|Any CPU
	EndGlobalSection
	GlobalSection(MonoDevelopProperties) = preSolution
		Policies = $0
		$0.DotNetNamingPolicy = $1
		$0.StandardHeader = $2
		$0.VersionControlPolicy = $3
		version = 1.0.0-beta1
		description = Provides several extensions for Realm, including Dictionary and Array support.
	EndGlobalSection
EndGlobal
