
Microsoft Visual Studio Solution File, Format Version 12.00
# Visual Studio 2012
Project("{FAE04EC0-301F-11D3-BF4B-00C04F79EFBC}") = "RealmExtensions", "RealmExtensions\RealmExtensions.csproj", "{36A54316-4E40-49D0-8593-D587B8F5415C}"
EndProject
Project("{FAE04EC0-301F-11D3-BF4B-00C04F79EFBC}") = "RealmExtensions.Test", "RealmExtensions.Test\RealmExtensions.Test.csproj", "{2513BB36-2702-4CC5-9D25-960187DE5D18}"
EndProject
Global
	GlobalSection(SolutionConfigurationPlatforms) = preSolution
		Debug|Any CPU = Debug|Any CPU
		Release|Any CPU = Release|Any CPU
		Debug|iPhoneSimulator = Debug|iPhoneSimulator
		Release|iPhone = Release|iPhone
		Release|iPhoneSimulator = Release|iPhoneSimulator
		Debug|iPhone = Debug|iPhone
	EndGlobalSection
	GlobalSection(ProjectConfigurationPlatforms) = postSolution
		{36A54316-4E40-49D0-8593-D587B8F5415C}.Debug|Any CPU.ActiveCfg = Debug|Any CPU
		{36A54316-4E40-49D0-8593-D587B8F5415C}.Debug|Any CPU.Build.0 = Debug|Any CPU
		{36A54316-4E40-49D0-8593-D587B8F5415C}.Release|Any CPU.ActiveCfg = Release|Any CPU
		{36A54316-4E40-49D0-8593-D587B8F5415C}.Release|Any CPU.Build.0 = Release|Any CPU
		{36A54316-4E40-49D0-8593-D587B8F5415C}.Debug|iPhoneSimulator.ActiveCfg = Debug|Any CPU
		{36A54316-4E40-49D0-8593-D587B8F5415C}.Debug|iPhoneSimulator.Build.0 = Debug|Any CPU
		{36A54316-4E40-49D0-8593-D587B8F5415C}.Release|iPhone.ActiveCfg = Release|Any CPU
		{36A54316-4E40-49D0-8593-D587B8F5415C}.Release|iPhone.Build.0 = Release|Any CPU
		{36A54316-4E40-49D0-8593-D587B8F5415C}.Release|iPhoneSimulator.ActiveCfg = Release|Any CPU
		{36A54316-4E40-49D0-8593-D587B8F5415C}.Release|iPhoneSimulator.Build.0 = Release|Any CPU
		{36A54316-4E40-49D0-8593-D587B8F5415C}.Debug|iPhone.ActiveCfg = Debug|Any CPU
		{36A54316-4E40-49D0-8593-D587B8F5415C}.Debug|iPhone.Build.0 = Debug|Any CPU
		{2513BB36-2702-4CC5-9D25-960187DE5D18}.Debug|Any CPU.ActiveCfg = Debug|iPhoneSimulator
		{2513BB36-2702-4CC5-9D25-960187DE5D18}.Debug|Any CPU.Build.0 = Debug|iPhoneSimulator
		{2513BB36-2702-4CC5-9D25-960187DE5D18}.Release|Any CPU.ActiveCfg = Release|iPhone
		{2513BB36-2702-4CC5-9D25-960187DE5D18}.Release|Any CPU.Build.0 = Release|iPhone
		{2513BB36-2702-4CC5-9D25-960187DE5D18}.Debug|iPhoneSimulator.ActiveCfg = Debug|iPhoneSimulator
		{2513BB36-2702-4CC5-9D25-960187DE5D18}.Debug|iPhoneSimulator.Build.0 = Debug|iPhoneSimulator
		{2513BB36-2702-4CC5-9D25-960187DE5D18}.Release|iPhone.ActiveCfg = Release|iPhone
		{2513BB36-2702-4CC5-9D25-960187DE5D18}.Release|iPhone.Build.0 = Release|iPhone
		{2513BB36-2702-4CC5-9D25-960187DE5D18}.Release|iPhoneSimulator.ActiveCfg = Release|iPhoneSimulator
		{2513BB36-2702-4CC5-9D25-960187DE5D18}.Release|iPhoneSimulator.Build.0 = Release|iPhoneSimulator
		{2513BB36-2702-4CC5-9D25-960187DE5D18}.Debug|iPhone.ActiveCfg = Debug|iPhone
		{2513BB36-2702-4CC5-9D25-960187DE5D18}.Debug|iPhone.Build.0 = Debug|iPhone
	EndGlobalSection
	GlobalSection(MonoDevelopProperties) = preSolution
		Policies = $0
		$0.DotNetNamingPolicy = $1
		$0.StandardHeader = $2
		$0.VersionControlPolicy = $3
		version = 0.0.1
		description = Provides several extensions for Realm, including Dictionary and Array support.
	EndGlobalSection
EndGlobal
